// !$*UTF8*$!
{
	archiveVersion = 1;
	classes = {
	};
	objectVersion = 46;
	objects = {

/* Begin PBXBuildFile section */
		A646D0B71CAE510E0080488B /* main.m in Sources */ = {isa = PBXBuildFile; fileRef = A646D0B61CAE510E0080488B /* main.m */; };
		A646D0BA1CAE510E0080488B /* AppDelegate.m in Sources */ = {isa = PBXBuildFile; fileRef = A646D0B91CAE510E0080488B /* AppDelegate.m */; };
		A646D0BD1CAE510E0080488B /* ViewController.m in Sources */ = {isa = PBXBuildFile; fileRef = A646D0BC1CAE510E0080488B /* ViewController.m */; };
		A646D0C01CAE510E0080488B /* Main.storyboard in Resources */ = {isa = PBXBuildFile; fileRef = A646D0BE1CAE510E0080488B /* Main.storyboard */; };
		A646D0C21CAE510E0080488B /* Assets.xcassets in Resources */ = {isa = PBXBuildFile; fileRef = A646D0C11CAE510E0080488B /* Assets.xcassets */; };
		A646D0C51CAE510F0080488B /* LaunchScreen.storyboard in Resources */ = {isa = PBXBuildFile; fileRef = A646D0C31CAE510F0080488B /* LaunchScreen.storyboard */; };
		A646D0D31CAE56740080488B /* PresonA.m in Sources */ = {isa = PBXBuildFile; fileRef = A646D0D21CAE56740080488B /* PresonA.m */; };
/* End PBXBuildFile section */

/* Begin PBXFileReference section */
		A646D0B21CAE510E0080488B /* GitDemo.app */ = {isa = PBXFileReference; explicitFileType = wrapper.application; includeInIndex = 0; path = GitDemo.app; sourceTree = BUILT_PRODUCTS_DIR; };
		A646D0B61CAE510E0080488B /* main.m */ = {isa = PBXFileReference; lastKnownFileType = sourcecode.c.objc; path = main.m; sourceTree = "<group>"; };
		A646D0B81CAE510E0080488B /* AppDelegate.h */ = {isa = PBXFileReference; lastKnownFileType = sourcecode.c.h; path = AppDelegate.h; sourceTree = "<group>"; };
		A646D0B91CAE510E0080488B /* AppDelegate.m */ = {isa = PBXFileReference; lastKnownFileType = sourcecode.c.objc; path = AppDelegate.m; sourceTree = "<group>"; };
		A646D0BB1CAE510E0080488B /* ViewController.h */ = {isa = PBXFileReference; lastKnownFileType = sourcecode.c.h; path = ViewController.h; sourceTree = "<group>"; };
		A646D0BC1CAE510E0080488B /* ViewController.m */ = {isa = PBXFileReference; lastKnownFileType = sourcecode.c.objc; path = ViewController.m; sourceTree = "<group>"; };
		A646D0BF1CAE510E0080488B /* Base */ = {isa = PBXFileReference; lastKnownFileType = file.storyboard; name = Base; path = Base.lproj/Main.storyboard; sourceTree = "<group>"; };
		A646D0C11CAE510E0080488B /* Assets.xcassets */ = {isa = PBXFileReference; lastKnownFileType = folder.assetcatalog; path = Assets.xcassets; sourceTree = "<group>"; };
		A646D0C41CAE510F0080488B /* Base */ = {isa = PBXFileReference; lastKnownFileType = file.storyboard; name = Base; path = Base.lproj/LaunchScreen.storyboard; sourceTree = "<group>"; };
		A646D0C61CAE510F0080488B /* Info.plist */ = {isa = PBXFileReference; lastKnownFileType = text.plist.xml; path = Info.plist; sourceTree = "<group>"; };
		A646D0D11CAE56740080488B /* PresonA.h */ = {isa = PBXFileReference; fileEncoding = 4; lastKnownFileType = sourcecode.c.h; path = PresonA.h; sourceTree = "<group>"; };
		A646D0D21CAE56740080488B /* PresonA.m */ = {isa = PBXFileReference; fileEncoding = 4; lastKnownFileType = sourcecode.c.objc; path = PresonA.m; sourceTree = "<group>"; };
/* End PBXFileReference section */

/* Begin PBXFrameworksBuildPhase section */
		A646D0AF1CAE510D0080488B /* Frameworks */ = {
			isa = PBXFrameworksBuildPhase;
			buildActionMask = 2147483647;
			files = (
			);
			runOnlyForDeploymentPostprocessing = 0;
		};
/* End PBXFrameworksBuildPhase section */

/* Begin PBXGroup section */
		A646D0A91CAE510C0080488B = {
			isa = PBXGroup;
			children = (
				A646D0B41CAE510E0080488B /* GitDemo */,
				A646D0B31CAE510E0080488B /* Products */,
			);
			sourceTree = "<group>";
		};
		A646D0B31CAE510E0080488B /* Products */ = {
			isa = PBXGroup;
			children = (
				A646D0B21CAE510E0080488B /* GitDemo.app */,
			);
			name = Products;
			sourceTree = "<group>";
		};
		A646D0B41CAE510E0080488B /* GitDemo */ = {
			isa = PBXGroup;
			children = (
				A646D0D01CAE56520080488B /* A */,
				A646D0B81CAE510E0080488B /* AppDelegate.h */,
				A646D0B91CAE510E0080488B /* AppDelegate.m */,
				A646D0BB1CAE510E0080488B /* ViewController.h */,
				A646D0BC1CAE510E0080488B /* ViewController.m */,
				A646D0BE1CAE510E0080488B /* Main.storyboard */,
				A646D0C11CAE510E0080488B /* Assets.xcassets */,
				A646D0C31CAE510F0080488B /* LaunchScreen.storyboard */,
				A646D0C61CAE510F0080488B /* Info.plist */,
				A646D0B51CAE510E0080488B /* Supporting Files */,
			);
			path = GitDemo;
			sourceTree = "<group>";
		};
		A646D0B51CAE510E0080488B /* Supporting Files */ = {
			isa = PBXGroup;
			children = (
				A646D0B61CAE510E0080488B /* main.m */,
			);
			name = "Supporting Files";
			sourceTree = "<group>";
		};
		A646D0D01CAE56520080488B /* A */ = {
			isa = PBXGroup;
			children = (
				A646D0D11CAE56740080488B /* PresonA.h */,
				A646D0D21CAE56740080488B /* PresonA.m */,
			);
			name = A;
			sourceTree = "<group>";
		};
/* End PBXGroup section */

/* Begin PBXNativeTarget section */
		A646D0B11CAE510D0080488B /* GitDemo */ = {
			isa = PBXNativeTarget;
			buildConfigurationList = A646D0C91CAE510F0080488B /* Build configuration list for PBXNativeTarget "GitDemo" */;
			buildPhases = (
				A646D0AE1CAE510D0080488B /* Sources */,
				A646D0AF1CAE510D0080488B /* Frameworks */,
				A646D0B01CAE510D0080488B /* Resources */,
			);
			buildRules = (
			);
			dependencies = (
			);
			name = GitDemo;
			productName = GitDemo;
			productReference = A646D0B21CAE510E0080488B /* GitDemo.app */;
			productType = "com.apple.product-type.application";
		};
/* End PBXNativeTarget section */

/* Begin PBXProject section */
		A646D0AA1CAE510D0080488B /* Project object */ = {
			isa = PBXProject;
			attributes = {
				LastUpgradeCheck = 0720;
				ORGANIZATIONNAME = LJL;
				TargetAttributes = {
					A646D0B11CAE510D0080488B = {
						CreatedOnToolsVersion = 7.2;
					};
				};
			};
			buildConfigurationList = A646D0AD1CAE510D0080488B /* Build configuration list for PBXProject "GitDemo" */;
			compatibilityVersion = "Xcode 3.2";
			developmentRegion = English;
			hasScannedForEncodings = 0;
			knownRegions = (
				en,
				Base,
			);
			mainGroup = A646D0A91CAE510C0080488B;
			productRefGroup = A646D0B31CAE510E0080488B /* Products */;
			projectDirPath = "";
			projectRoot = "";
			targets = (
				A646D0B11CAE510D0080488B /* GitDemo */,
			);
		};
/* End PBXProject section */

/* Begin PBXResourcesBuildPhase section */
		A646D0B01CAE510D0080488B /* Resources */ = {
			isa = PBXResourcesBuildPhase;
			buildActionMask = 2147483647;
			files = (
				A646D0C51CAE510F0080488B /* LaunchScreen.storyboard in Resources */,
				A646D0C21CAE510E0080488B /* Assets.xcassets in Resources */,
				A646D0C01CAE510E0080488B /* Main.storyboard in Resources */,
			);
			runOnlyForDeploymentPostprocessing = 0;
		};
/* End PBXResourcesBuildPhase section */

/* Begin PBXSourcesBuildPhase section */
		A646D0AE1CAE510D0080488B /* Sources */ = {
			isa = PBXSourcesBuildPhase;
			buildActionMask = 2147483647;
			files = (
				A646D0D31CAE56740080488B /* PresonA.m in Sources */,
				A646D0BD1CAE510E0080488B /* ViewController.m in Sources */,
				A646D0BA1CAE510E0080488B /* AppDelegate.m in Sources */,
				A646D0B71CAE510E0080488B /* main.m in Sources */,
			);
			runOnlyForDeploymentPostprocessing = 0;
		};
/* End PBXSourcesBuildPhase section */

/* Begin PBXVariantGroup section */
		A646D0BE1CAE510E0080488B /* Main.storyboard */ = {
			isa = PBXVariantGroup;
			children = (
				A646D0BF1CAE510E0080488B /* Base */,
			);
			name = Main.storyboard;
			sourceTree = "<group>";
		};
		A646D0C31CAE510F0080488B /* LaunchScreen.storyboard */ = {
			isa = PBXVariantGroup;
			children = (
				A646D0C41CAE510F0080488B /* Base */,
			);
			name = LaunchScreen.storyboard;
			sourceTree = "<group>";
		};
/* End PBXVariantGroup section */

/* Begin XCBuildConfiguration section */
		A646D0C71CAE510F0080488B /* Debug */ = {
			isa = XCBuildConfiguration;
			buildSettings = {
				ALWAYS_SEARCH_USER_PATHS = NO;
				CLANG_CXX_LANGUAGE_STANDARD = "gnu++0x";
				CLANG_CXX_LIBRARY = "libc++";
				CLANG_ENABLE_MODULES = YES;
				CLANG_ENABLE_OBJC_ARC = YES;
				CLANG_WARN_BOOL_CONVERSION = YES;
				CLANG_WARN_CONSTANT_CONVERSION = YES;
				CLANG_WARN_DIRECT_OBJC_ISA_USAGE = YES_ERROR;
				CLANG_WARN_EMPTY_BODY = YES;
				CLANG_WARN_ENUM_CONVERSION = YES;
				CLANG_WARN_INT_CONVERSION = YES;
				CLANG_WARN_OBJC_ROOT_CLASS = YES_ERROR;
				CLANG_WARN_UNREACHABLE_CODE = YES;
				CLANG_WARN__DUPLICATE_METHOD_MATCH = YES;
				"CODE_SIGN_IDENTITY[sdk=iphoneos*]" = "iPhone Developer";
				COPY_PHASE_STRIP = NO;
				DEBUG_INFORMATION_FORMAT = dwarf;
				ENABLE_STRICT_OBJC_MSGSEND = YES;
				ENABLE_TESTABILITY = YES;
				GCC_C_LANGUAGE_STANDARD = gnu99;
				GCC_DYNAMIC_NO_PIC = NO;
				GCC_NO_COMMON_BLOCKS = YES;
				GCC_OPTIMIZATION_LEVEL = 0;
				GCC_PREPROCESSOR_DEFINITIONS = (
					"DEBUG=1",
					"$(inherited)",
				);
				GCC_WARN_64_TO_32_BIT_CONVERSION = YES;
				GCC_WARN_ABOUT_RETURN_TYPE = YES_ERROR;
				GCC_WARN_UNDECLARED_SELECTOR = YES;
				GCC_WARN_UNINITIALIZED_AUTOS = YES_AGGRESSIVE;
				GCC_WARN_UNUSED_FUNCTION = YES;
				GCC_WARN_UNUSED_VARIABLE = YES;
				IPHONEOS_DEPLOYMENT_TARGET = 9.2;
				MTL_ENABLE_DEBUG_INFO = YES;
				ONLY_ACTIVE_ARCH = YES;
				SDKROOT = iphoneos;
			};
			name = Debug;
		};
		A646D0C81CAE510F0080488B /* Release */ = {
			isa = XCBuildConfiguration;
			buildSettings = {
				ALWAYS_SEARCH_USER_PATHS = NO;
				CLANG_CXX_LANGUAGE_STANDARD = "gnu++0x";
				CLANG_CXX_LIBRARY = "libc++";
				CLANG_ENABLE_MODULES = YES;
				CLANG_ENABLE_OBJC_ARC = YES;
				CLANG_WARN_BOOL_CONVERSION = YES;
				CLANG_WARN_CONSTANT_CONVERSION = YES;
				CLANG_WARN_DIRECT_OBJC_ISA_USAGE = YES_ERROR;
				CLANG_WARN_EMPTY_BODY = YES;
				CLANG_WARN_ENUM_CONVERSION = YES;
				CLANG_WARN_INT_CONVERSION = YES;
				CLANG_WARN_OBJC_ROOT_CLASS = YES_ERROR;
				CLANG_WARN_UNREACHABLE_CODE = YES;
				CLANG_WARN__DUPLICATE_METHOD_MATCH = YES;
				"CODE_SIGN_IDENTITY[sdk=iphoneos*]" = "iPhone Developer";
				COPY_PHASE_STRIP = NO;
				DEBUG_INFORMATION_FORMAT = "dwarf-with-dsym";
				ENABLE_NS_ASSERTIONS = NO;
				ENABLE_STRICT_OBJC_MSGSEND = YES;
				GCC_C_LANGUAGE_STANDARD = gnu99;
				GCC_NO_COMMON_BLOCKS = YES;
				GCC_WARN_64_TO_32_BIT_CONVERSION = YES;
				GCC_WARN_ABOUT_RETURN_TYPE = YES_ERROR;
				GCC_WARN_UNDECLARED_SELECTOR = YES;
				GCC_WARN_UNINITIALIZED_AUTOS = YES_AGGRESSIVE;
				GCC_WARN_UNUSED_FUNCTION = YES;
				GCC_WARN_UNUSED_VARIABLE = YES;
				IPHONEOS_DEPLOYMENT_TARGET = 9.2;
				MTL_ENABLE_DEBUG_INFO = NO;
				SDKROOT = iphoneos;
				VALIDATE_PRODUCT = YES;
			};
			name = Release;
		};
		A646D0CA1CAE510F0080488B /* Debug */ = {
			isa = XCBuildConfiguration;
			buildSettings = {
				ASSETCATALOG_COMPILER_APPICON_NAME = AppIcon;
				INFOPLIST_FILE = GitDemo/Info.plist;
				LD_RUNPATH_SEARCH_PATHS = "$(inherited) @executable_path/Frameworks";
				PRODUCT_BUNDLE_IDENTIFIER = com.1521.GitDemo;
				PRODUCT_NAME = "$(TARGET_NAME)";
			};
			name = Debug;
		};
		A646D0CB1CAE510F0080488B /* Release */ = {
			isa = XCBuildConfiguration;
			buildSettings = {
				ASSETCATALOG_COMPILER_APPICON_NAME = AppIcon;
				INFOPLIST_FILE = GitDemo/Info.plist;
				LD_RUNPATH_SEARCH_PATHS = "$(inherited) @executable_path/Frameworks";
				PRODUCT_BUNDLE_IDENTIFIER = com.1521.GitDemo;
				PRODUCT_NAME = "$(TARGET_NAME)";
			};
			name = Release;
		};
/* End XCBuildConfiguration section */

/* Begin XCConfigurationList section */
		A646D0AD1CAE510D0080488B /* Build configuration list for PBXProject "GitDemo" */ = {
			isa = XCConfigurationList;
			buildConfigurations = (
				A646D0C71CAE510F0080488B /* Debug */,
				A646D0C81CAE510F0080488B /* Release */,
			);
			defaultConfigurationIsVisible = 0;
			defaultConfigurationName = Release;
		};
		A646D0C91CAE510F0080488B /* Build configuration list for PBXNativeTarget "GitDemo" */ = {
			isa = XCConfigurationList;
			buildConfigurations = (
				A646D0CA1CAE510F0080488B /* Debug */,
				A646D0CB1CAE510F0080488B /* Release */,
			);
			defaultConfigurationIsVisible = 0;
			defaultConfigurationName = Release;
		};
/* End XCConfigurationList section */
	};
	rootObject = A646D0AA1CAE510D0080488B /* Project object */;
}
